
Microsoft Visual Studio Solution File, Format Version 12.00
# Visual Studio Version 17
VisualStudioVersion = 17.11.35327.3
MinimumVisualStudioVersion = 10.0.40219.1
Project("{9A19103F-16F7-4668-BE54-9A1E7A4F7556}") = "AxDiagnostics", "AxDiagnostics\AxDiagnostics.csproj", "{9F1D4515-1635-4656-865B-C6FF4D369166}"
EndProject
Project("{FAE04EC0-301F-11D3-BF4B-00C04F79EFBC}") = "AxDiagnosticsTests", "AxDiagnosticsTests\AxDiagnosticsTests.csproj", "{1412D07D-A1F3-4475-B13E-C923BAF928F7}"
EndProject
Global
	GlobalSection(SolutionConfigurationPlatforms) = preSolution
		Debug|Any CPU = Debug|Any CPU
		Release|Any CPU = Release|Any CPU
	EndGlobalSection
	GlobalSection(ProjectConfigurationPlatforms) = postSolution
		{9F1D4515-1635-4656-865B-C6FF4D369166}.Debug|Any CPU.ActiveCfg = Debug|Any CPU
		{9F1D4515-1635-4656-865B-C6FF4D369166}.Debug|Any CPU.Build.0 = Debug|Any CPU
		{9F1D4515-1635-4656-865B-C6FF4D369166}.Release|Any CPU.ActiveCfg = Release|Any CPU
		{9F1D4515-1635-4656-865B-C6FF4D369166}.Release|Any CPU.Build.0 = Release|Any CPU
		{1412D07D-A1F3-4475-B13E-C923BAF928F7}.Debug|Any CPU.ActiveCfg = Debug|Any CPU
		{1412D07D-A1F3-4475-B13E-C923BAF928F7}.Debug|Any CPU.Build.0 = Debug|Any CPU
		{1412D07D-A1F3-4475-B13E-C923BAF928F7}.Release|Any CPU.ActiveCfg = Release|Any CPU
		{1412D07D-A1F3-4475-B13E-C923BAF928F7}.Release|Any CPU.Build.0 = Release|Any CPU
	EndGlobalSection
	GlobalSection(SolutionProperties) = preSolution
		HideSolutionNode = FALSE
	EndGlobalSection
	GlobalSection(ExtensibilityGlobals) = postSolution
		SolutionGuid = {A9828B43-2683-4853-92D5-ABD5D8199974}
	EndGlobalSection
EndGlobal
